
Microsoft Visual Studio Solution File, Format Version 12.00
# Visual Studio Version 17
VisualStudioVersion = 17.14.36623.8
MinimumVisualStudioVersion = 10.0.40219.1
Project("{FAE04EC0-301F-11D3-BF4B-00C04F79EFBC}") = "AS3Case", "AS3Case\AS3Case.csproj", "{CFEC6184-A555-4977-B96C-B00547B3042E}"
EndProject
Project("{2150E333-8FDC-42A3-9474-1A3956D46DE8}") = "Images", "Images", "{8EC462FD-D22E-90A8-E5CE-7E832BA40C5D}"
	ProjectSection(SolutionItems) = preProject
		..\..\..\Downloads\clean_architecture.png = ..\..\..\Downloads\clean_architecture.png
	EndProjectSection
EndProject
Global
	GlobalSection(SolutionConfigurationPlatforms) = preSolution
		Debug|Any CPU = Debug|Any CPU
		Release|Any CPU = Release|Any CPU
	EndGlobalSection
	GlobalSection(ProjectConfigurationPlatforms) = postSolution
		{CFEC6184-A555-4977-B96C-B00547B3042E}.Debug|Any CPU.ActiveCfg = Debug|Any CPU
		{CFEC6184-A555-4977-B96C-B00547B3042E}.Debug|Any CPU.Build.0 = Debug|Any CPU
		{CFEC6184-A555-4977-B96C-B00547B3042E}.Release|Any CPU.ActiveCfg = Release|Any CPU
		{CFEC6184-A555-4977-B96C-B00547B3042E}.Release|Any CPU.Build.0 = Release|Any CPU
	EndGlobalSection
	GlobalSection(SolutionProperties) = preSolution
		HideSolutionNode = FALSE
	EndGlobalSection
	GlobalSection(ExtensibilityGlobals) = postSolution
		SolutionGuid = {E625C6D0-90D7-4C1C-BABC-0273998A4ACA}
	EndGlobalSection
EndGlobal
